
Microsoft Visual Studio Solution File, Format Version 12.00
# Visual Studio Version 16
VisualStudioVersion = 16.0.29728.190
MinimumVisualStudioVersion = 10.0.40219.1
Project("{FAE04EC0-301F-11D3-BF4B-00C04F79EFBC}") = "Ejercicio practico 2 Abecedario num-voc", "Ejercicio practico 2 Abecedario num-voc\Ejercicio practico 2 Abecedario num-voc.csproj", "{0A3406DC-E782-495C-A652-E3B2D781F2BD}"
EndProject
Global
	GlobalSection(SolutionConfigurationPlatforms) = preSolution
		Debug|Any CPU = Debug|Any CPU
		Release|Any CPU = Release|Any CPU
	EndGlobalSection
	GlobalSection(ProjectConfigurationPlatforms) = postSolution
		{0A3406DC-E782-495C-A652-E3B2D781F2BD}.Debug|Any CPU.ActiveCfg = Debug|Any CPU
		{0A3406DC-E782-495C-A652-E3B2D781F2BD}.Debug|Any CPU.Build.0 = Debug|Any CPU
		{0A3406DC-E782-495C-A652-E3B2D781F2BD}.Release|Any CPU.ActiveCfg = Release|Any CPU
		{0A3406DC-E782-495C-A652-E3B2D781F2BD}.Release|Any CPU.Build.0 = Release|Any CPU
	EndGlobalSection
	GlobalSection(SolutionProperties) = preSolution
		HideSolutionNode = FALSE
	EndGlobalSection
	GlobalSection(ExtensibilityGlobals) = postSolution
		SolutionGuid = {43AA8397-5021-4007-A948-D499D6A6C11D}
	EndGlobalSection
EndGlobal
