
Microsoft Visual Studio Solution File, Format Version 12.00
# Visual Studio 15
VisualStudioVersion = 15.0.28307.1000
MinimumVisualStudioVersion = 10.0.40219.1
Project("{FAE04EC0-301F-11D3-BF4B-00C04F79EFBC}") = "Ejercicio 6 Arreglos", "Ejercicio 6 Arreglos\Ejercicio 6 Arreglos.csproj", "{BBB00C5C-349E-476F-96DF-14C4E56712AB}"
EndProject
Global
	GlobalSection(SolutionConfigurationPlatforms) = preSolution
		Debug|Any CPU = Debug|Any CPU
		Release|Any CPU = Release|Any CPU
	EndGlobalSection
	GlobalSection(ProjectConfigurationPlatforms) = postSolution
		{BBB00C5C-349E-476F-96DF-14C4E56712AB}.Debug|Any CPU.ActiveCfg = Debug|Any CPU
		{BBB00C5C-349E-476F-96DF-14C4E56712AB}.Debug|Any CPU.Build.0 = Debug|Any CPU
		{BBB00C5C-349E-476F-96DF-14C4E56712AB}.Release|Any CPU.ActiveCfg = Release|Any CPU
		{BBB00C5C-349E-476F-96DF-14C4E56712AB}.Release|Any CPU.Build.0 = Release|Any CPU
	EndGlobalSection
	GlobalSection(SolutionProperties) = preSolution
		HideSolutionNode = FALSE
	EndGlobalSection
	GlobalSection(ExtensibilityGlobals) = postSolution
		SolutionGuid = {A8287341-370D-4F06-AB09-0E2CBE6F4242}
	EndGlobalSection
EndGlobal
